// !$*UTF8*$!
{
	archiveVersion = 1;
	classes = {
	};
	objectVersion = 55;
	objects = {

/* Begin PBXBuildFile section */
		873521C5931B240279D22095 /* Pods_TOWA_Login.framework in Frameworks */ = {isa = PBXBuildFile; fileRef = B0C4726E1C4D4CF5EA521E37 /* Pods_TOWA_Login.framework */; };
		B44FEF62287A2F810048D2F5 /* UserDetailsViewController.swift in Sources */ = {isa = PBXBuildFile; fileRef = B44FEF61287A2F810048D2F5 /* UserDetailsViewController.swift */; };
		B44FEF63287A2F810048D2F5 /* UserDetailsViewController.swift in Sources */ = {isa = PBXBuildFile; fileRef = B44FEF61287A2F810048D2F5 /* UserDetailsViewController.swift */; };
		B44FEF64287A2F810048D2F5 /* UserDetailsViewController.swift in Sources */ = {isa = PBXBuildFile; fileRef = B44FEF61287A2F810048D2F5 /* UserDetailsViewController.swift */; };
		B46B729A2879387400B06447 /* User.swift in Sources */ = {isa = PBXBuildFile; fileRef = B46B72992879387400B06447 /* User.swift */; };
		B46B729B2879387400B06447 /* User.swift in Sources */ = {isa = PBXBuildFile; fileRef = B46B72992879387400B06447 /* User.swift */; };
		B46B729C2879387400B06447 /* User.swift in Sources */ = {isa = PBXBuildFile; fileRef = B46B72992879387400B06447 /* User.swift */; };
		B46B729D2879387700B06447 /* UsersWebService.swift in Sources */ = {isa = PBXBuildFile; fileRef = B49293E42879361B007C6EB5 /* UsersWebService.swift */; };
		B46B729E2879387800B06447 /* UsersWebService.swift in Sources */ = {isa = PBXBuildFile; fileRef = B49293E42879361B007C6EB5 /* UsersWebService.swift */; };
		B46B72A028793F5200B06447 /* Address.swift in Sources */ = {isa = PBXBuildFile; fileRef = B46B729F28793F5200B06447 /* Address.swift */; };
		B46B72A128793F5200B06447 /* Address.swift in Sources */ = {isa = PBXBuildFile; fileRef = B46B729F28793F5200B06447 /* Address.swift */; };
		B46B72A228793F5200B06447 /* Address.swift in Sources */ = {isa = PBXBuildFile; fileRef = B46B729F28793F5200B06447 /* Address.swift */; };
		B46B72A428793F5900B06447 /* Geo.swift in Sources */ = {isa = PBXBuildFile; fileRef = B46B72A328793F5900B06447 /* Geo.swift */; };
		B46B72A528793F5900B06447 /* Geo.swift in Sources */ = {isa = PBXBuildFile; fileRef = B46B72A328793F5900B06447 /* Geo.swift */; };
		B46B72A628793F5900B06447 /* Geo.swift in Sources */ = {isa = PBXBuildFile; fileRef = B46B72A328793F5900B06447 /* Geo.swift */; };
		B46B72A828793F6200B06447 /* Company.swift in Sources */ = {isa = PBXBuildFile; fileRef = B46B72A728793F6200B06447 /* Company.swift */; };
		B46B72A928793F6200B06447 /* Company.swift in Sources */ = {isa = PBXBuildFile; fileRef = B46B72A728793F6200B06447 /* Company.swift */; };
		B46B72AA28793F6200B06447 /* Company.swift in Sources */ = {isa = PBXBuildFile; fileRef = B46B72A728793F6200B06447 /* Company.swift */; };
		B46B72B52879532F00B06447 /* TWTextField.swift in Sources */ = {isa = PBXBuildFile; fileRef = B46B72B42879532F00B06447 /* TWTextField.swift */; };
		B46B72B62879532F00B06447 /* TWTextField.swift in Sources */ = {isa = PBXBuildFile; fileRef = B46B72B42879532F00B06447 /* TWTextField.swift */; };
		B46B72B72879532F00B06447 /* TWTextField.swift in Sources */ = {isa = PBXBuildFile; fileRef = B46B72B42879532F00B06447 /* TWTextField.swift */; };
		B46B72B92879534A00B06447 /* TWTextField.xib in Resources */ = {isa = PBXBuildFile; fileRef = B46B72B82879534A00B06447 /* TWTextField.xib */; };
		B46B72BA2879534A00B06447 /* TWTextField.xib in Resources */ = {isa = PBXBuildFile; fileRef = B46B72B82879534A00B06447 /* TWTextField.xib */; };
		B46B72BB2879534A00B06447 /* TWTextField.xib in Resources */ = {isa = PBXBuildFile; fileRef = B46B72B82879534A00B06447 /* TWTextField.xib */; };
		B482BB7E287979FD00C84DBC /* RegistrationViewController.swift in Sources */ = {isa = PBXBuildFile; fileRef = B482BB7D287979FD00C84DBC /* RegistrationViewController.swift */; };
		B482BB7F287979FD00C84DBC /* RegistrationViewController.swift in Sources */ = {isa = PBXBuildFile; fileRef = B482BB7D287979FD00C84DBC /* RegistrationViewController.swift */; };
		B482BB80287979FD00C84DBC /* RegistrationViewController.swift in Sources */ = {isa = PBXBuildFile; fileRef = B482BB7D287979FD00C84DBC /* RegistrationViewController.swift */; };
		B49293AE287934FD007C6EB5 /* AppDelegate.swift in Sources */ = {isa = PBXBuildFile; fileRef = B49293AD287934FD007C6EB5 /* AppDelegate.swift */; };
		B49293B0287934FD007C6EB5 /* SceneDelegate.swift in Sources */ = {isa = PBXBuildFile; fileRef = B49293AF287934FD007C6EB5 /* SceneDelegate.swift */; };
		B49293B2287934FD007C6EB5 /* LoginViewController.swift in Sources */ = {isa = PBXBuildFile; fileRef = B49293B1287934FD007C6EB5 /* LoginViewController.swift */; };
		B49293B5287934FD007C6EB5 /* Main.storyboard in Resources */ = {isa = PBXBuildFile; fileRef = B49293B3287934FD007C6EB5 /* Main.storyboard */; };
		B49293B7287934FE007C6EB5 /* Assets.xcassets in Resources */ = {isa = PBXBuildFile; fileRef = B49293B6287934FE007C6EB5 /* Assets.xcassets */; };
		B49293BA287934FE007C6EB5 /* LaunchScreen.storyboard in Resources */ = {isa = PBXBuildFile; fileRef = B49293B8287934FE007C6EB5 /* LaunchScreen.storyboard */; };
		B49293C5287934FE007C6EB5 /* TOWA_LoginTests.swift in Sources */ = {isa = PBXBuildFile; fileRef = B49293C4287934FE007C6EB5 /* TOWA_LoginTests.swift */; };
		B49293CF287934FE007C6EB5 /* TOWA_LoginUITests.swift in Sources */ = {isa = PBXBuildFile; fileRef = B49293CE287934FE007C6EB5 /* TOWA_LoginUITests.swift */; };
		B49293D1287934FE007C6EB5 /* TOWA_LoginUITestsLaunchTests.swift in Sources */ = {isa = PBXBuildFile; fileRef = B49293D0287934FE007C6EB5 /* TOWA_LoginUITestsLaunchTests.swift */; };
		B49293E52879361B007C6EB5 /* UsersWebService.swift in Sources */ = {isa = PBXBuildFile; fileRef = B49293E42879361B007C6EB5 /* UsersWebService.swift */; };
		B4C9DAC3287A1D1C00BFD8AE /* UsersViewModel.swift in Sources */ = {isa = PBXBuildFile; fileRef = B4C9DAC2287A1D1C00BFD8AE /* UsersViewModel.swift */; };
		B4C9DAC4287A1D1C00BFD8AE /* UsersViewModel.swift in Sources */ = {isa = PBXBuildFile; fileRef = B4C9DAC2287A1D1C00BFD8AE /* UsersViewModel.swift */; };
		B4C9DAC5287A1D1C00BFD8AE /* UsersViewModel.swift in Sources */ = {isa = PBXBuildFile; fileRef = B4C9DAC2287A1D1C00BFD8AE /* UsersViewModel.swift */; };
		B4F652F12879C4D300BA4CC0 /* CredentialsUtils.swift in Sources */ = {isa = PBXBuildFile; fileRef = B4F652F02879C4D300BA4CC0 /* CredentialsUtils.swift */; };
		B4F652F32879D6F200BA4CC0 /* BaseViewController.swift in Sources */ = {isa = PBXBuildFile; fileRef = B4F652F22879D6F200BA4CC0 /* BaseViewController.swift */; };
		B4F652F42879D6F200BA4CC0 /* BaseViewController.swift in Sources */ = {isa = PBXBuildFile; fileRef = B4F652F22879D6F200BA4CC0 /* BaseViewController.swift */; };
		B4F652F52879D6F200BA4CC0 /* BaseViewController.swift in Sources */ = {isa = PBXBuildFile; fileRef = B4F652F22879D6F200BA4CC0 /* BaseViewController.swift */; };
		B4F652F62879D6F700BA4CC0 /* LoginViewController.swift in Sources */ = {isa = PBXBuildFile; fileRef = B49293B1287934FD007C6EB5 /* LoginViewController.swift */; };
		B4F652F72879D6F800BA4CC0 /* LoginViewController.swift in Sources */ = {isa = PBXBuildFile; fileRef = B49293B1287934FD007C6EB5 /* LoginViewController.swift */; };
		B4F652F92879E20E00BA4CC0 /* UsersViewController.swift in Sources */ = {isa = PBXBuildFile; fileRef = B4F652F82879E20E00BA4CC0 /* UsersViewController.swift */; };
		B4F652FA2879E20E00BA4CC0 /* UsersViewController.swift in Sources */ = {isa = PBXBuildFile; fileRef = B4F652F82879E20E00BA4CC0 /* UsersViewController.swift */; };
		B4F652FB2879E20E00BA4CC0 /* UsersViewController.swift in Sources */ = {isa = PBXBuildFile; fileRef = B4F652F82879E20E00BA4CC0 /* UsersViewController.swift */; };
/* End PBXBuildFile section */

/* Begin PBXContainerItemProxy section */
		B49293C1287934FE007C6EB5 /* PBXContainerItemProxy */ = {
			isa = PBXContainerItemProxy;
			containerPortal = B49293A2287934FD007C6EB5 /* Project object */;
			proxyType = 1;
			remoteGlobalIDString = B49293A9287934FD007C6EB5;
			remoteInfo = "TOWA Login";
		};
		B49293CB287934FE007C6EB5 /* PBXContainerItemProxy */ = {
			isa = PBXContainerItemProxy;
			containerPortal = B49293A2287934FD007C6EB5 /* Project object */;
			proxyType = 1;
			remoteGlobalIDString = B49293A9287934FD007C6EB5;
			remoteInfo = "TOWA Login";
		};
/* End PBXContainerItemProxy section */

/* Begin PBXFileReference section */
		81A22C52815FD74EBABABC2F /* Pods-TOWA Login.debug.xcconfig */ = {isa = PBXFileReference; includeInIndex = 1; lastKnownFileType = text.xcconfig; name = "Pods-TOWA Login.debug.xcconfig"; path = "Target Support Files/Pods-TOWA Login/Pods-TOWA Login.debug.xcconfig"; sourceTree = "<group>"; };
		B0C4726E1C4D4CF5EA521E37 /* Pods_TOWA_Login.framework */ = {isa = PBXFileReference; explicitFileType = wrapper.framework; includeInIndex = 0; path = Pods_TOWA_Login.framework; sourceTree = BUILT_PRODUCTS_DIR; };
		B44FEF61287A2F810048D2F5 /* UserDetailsViewController.swift */ = {isa = PBXFileReference; lastKnownFileType = sourcecode.swift; path = UserDetailsViewController.swift; sourceTree = "<group>"; };
		B46B72992879387400B06447 /* User.swift */ = {isa = PBXFileReference; lastKnownFileType = sourcecode.swift; path = User.swift; sourceTree = "<group>"; };
		B46B729F28793F5200B06447 /* Address.swift */ = {isa = PBXFileReference; lastKnownFileType = sourcecode.swift; path = Address.swift; sourceTree = "<group>"; };
		B46B72A328793F5900B06447 /* Geo.swift */ = {isa = PBXFileReference; lastKnownFileType = sourcecode.swift; path = Geo.swift; sourceTree = "<group>"; };
		B46B72A728793F6200B06447 /* Company.swift */ = {isa = PBXFileReference; lastKnownFileType = sourcecode.swift; path = Company.swift; sourceTree = "<group>"; };
		B46B72B42879532F00B06447 /* TWTextField.swift */ = {isa = PBXFileReference; lastKnownFileType = sourcecode.swift; path = TWTextField.swift; sourceTree = "<group>"; };
		B46B72B82879534A00B06447 /* TWTextField.xib */ = {isa = PBXFileReference; lastKnownFileType = file.xib; path = TWTextField.xib; sourceTree = "<group>"; };
		B482BB7D287979FD00C84DBC /* RegistrationViewController.swift */ = {isa = PBXFileReference; lastKnownFileType = sourcecode.swift; path = RegistrationViewController.swift; sourceTree = "<group>"; };
		B49293AA287934FD007C6EB5 /* TOWA Login.app */ = {isa = PBXFileReference; explicitFileType = wrapper.application; includeInIndex = 0; path = "TOWA Login.app"; sourceTree = BUILT_PRODUCTS_DIR; };
		B49293AD287934FD007C6EB5 /* AppDelegate.swift */ = {isa = PBXFileReference; lastKnownFileType = sourcecode.swift; path = AppDelegate.swift; sourceTree = "<group>"; };
		B49293AF287934FD007C6EB5 /* SceneDelegate.swift */ = {isa = PBXFileReference; lastKnownFileType = sourcecode.swift; path = SceneDelegate.swift; sourceTree = "<group>"; };
		B49293B1287934FD007C6EB5 /* LoginViewController.swift */ = {isa = PBXFileReference; lastKnownFileType = sourcecode.swift; path = LoginViewController.swift; sourceTree = "<group>"; };
		B49293B4287934FD007C6EB5 /* Base */ = {isa = PBXFileReference; lastKnownFileType = file.storyboard; name = Base; path = Base.lproj/Main.storyboard; sourceTree = "<group>"; };
		B49293B6287934FE007C6EB5 /* Assets.xcassets */ = {isa = PBXFileReference; lastKnownFileType = folder.assetcatalog; path = Assets.xcassets; sourceTree = "<group>"; };
		B49293B9287934FE007C6EB5 /* Base */ = {isa = PBXFileReference; lastKnownFileType = file.storyboard; name = Base; path = Base.lproj/LaunchScreen.storyboard; sourceTree = "<group>"; };
		B49293BB287934FE007C6EB5 /* Info.plist */ = {isa = PBXFileReference; lastKnownFileType = text.plist.xml; path = Info.plist; sourceTree = "<group>"; };
		B49293C0287934FE007C6EB5 /* TOWA LoginTests.xctest */ = {isa = PBXFileReference; explicitFileType = wrapper.cfbundle; includeInIndex = 0; path = "TOWA LoginTests.xctest"; sourceTree = BUILT_PRODUCTS_DIR; };
		B49293C4287934FE007C6EB5 /* TOWA_LoginTests.swift */ = {isa = PBXFileReference; lastKnownFileType = sourcecode.swift; path = TOWA_LoginTests.swift; sourceTree = "<group>"; };
		B49293CA287934FE007C6EB5 /* TOWA LoginUITests.xctest */ = {isa = PBXFileReference; explicitFileType = wrapper.cfbundle; includeInIndex = 0; path = "TOWA LoginUITests.xctest"; sourceTree = BUILT_PRODUCTS_DIR; };
		B49293CE287934FE007C6EB5 /* TOWA_LoginUITests.swift */ = {isa = PBXFileReference; lastKnownFileType = sourcecode.swift; path = TOWA_LoginUITests.swift; sourceTree = "<group>"; };
		B49293D0287934FE007C6EB5 /* TOWA_LoginUITestsLaunchTests.swift */ = {isa = PBXFileReference; lastKnownFileType = sourcecode.swift; path = TOWA_LoginUITestsLaunchTests.swift; sourceTree = "<group>"; };
		B49293E42879361B007C6EB5 /* UsersWebService.swift */ = {isa = PBXFileReference; lastKnownFileType = sourcecode.swift; path = UsersWebService.swift; sourceTree = "<group>"; };
		B4C9DAC2287A1D1C00BFD8AE /* UsersViewModel.swift */ = {isa = PBXFileReference; lastKnownFileType = sourcecode.swift; path = UsersViewModel.swift; sourceTree = "<group>"; };
		B4F652F02879C4D300BA4CC0 /* CredentialsUtils.swift */ = {isa = PBXFileReference; lastKnownFileType = sourcecode.swift; path = CredentialsUtils.swift; sourceTree = "<group>"; };
		B4F652F22879D6F200BA4CC0 /* BaseViewController.swift */ = {isa = PBXFileReference; lastKnownFileType = sourcecode.swift; path = BaseViewController.swift; sourceTree = "<group>"; };
		B4F652F82879E20E00BA4CC0 /* UsersViewController.swift */ = {isa = PBXFileReference; lastKnownFileType = sourcecode.swift; path = UsersViewController.swift; sourceTree = "<group>"; };
		E2513C8CAAA321C6464A0A01 /* Pods-TOWA Login.release.xcconfig */ = {isa = PBXFileReference; includeInIndex = 1; lastKnownFileType = text.xcconfig; name = "Pods-TOWA Login.release.xcconfig"; path = "Target Support Files/Pods-TOWA Login/Pods-TOWA Login.release.xcconfig"; sourceTree = "<group>"; };
/* End PBXFileReference section */

/* Begin PBXFrameworksBuildPhase section */
		B49293A7287934FD007C6EB5 /* Frameworks */ = {
			isa = PBXFrameworksBuildPhase;
			buildActionMask = 2147483647;
			files = (
				873521C5931B240279D22095 /* Pods_TOWA_Login.framework in Frameworks */,
			);
			runOnlyForDeploymentPostprocessing = 0;
		};
		B49293BD287934FE007C6EB5 /* Frameworks */ = {
			isa = PBXFrameworksBuildPhase;
			buildActionMask = 2147483647;
			files = (
			);
			runOnlyForDeploymentPostprocessing = 0;
		};
		B49293C7287934FE007C6EB5 /* Frameworks */ = {
			isa = PBXFrameworksBuildPhase;
			buildActionMask = 2147483647;
			files = (
			);
			runOnlyForDeploymentPostprocessing = 0;
		};
/* End PBXFrameworksBuildPhase section */

/* Begin PBXGroup section */
		51F3749DEB2AA75CBE307364 /* Frameworks */ = {
			isa = PBXGroup;
			children = (
				B0C4726E1C4D4CF5EA521E37 /* Pods_TOWA_Login.framework */,
			);
			name = Frameworks;
			sourceTree = "<group>";
		};
		A98A8EC04E88774317D18206 /* Pods */ = {
			isa = PBXGroup;
			children = (
				81A22C52815FD74EBABABC2F /* Pods-TOWA Login.debug.xcconfig */,
				E2513C8CAAA321C6464A0A01 /* Pods-TOWA Login.release.xcconfig */,
			);
			path = Pods;
			sourceTree = "<group>";
		};
		B49293A1287934FD007C6EB5 = {
			isa = PBXGroup;
			children = (
				B49293AC287934FD007C6EB5 /* TOWA Login */,
				B49293C3287934FE007C6EB5 /* TOWA LoginTests */,
				B49293CD287934FE007C6EB5 /* TOWA LoginUITests */,
				B49293AB287934FD007C6EB5 /* Products */,
				A98A8EC04E88774317D18206 /* Pods */,
				51F3749DEB2AA75CBE307364 /* Frameworks */,
			);
			sourceTree = "<group>";
		};
		B49293AB287934FD007C6EB5 /* Products */ = {
			isa = PBXGroup;
			children = (
				B49293AA287934FD007C6EB5 /* TOWA Login.app */,
				B49293C0287934FE007C6EB5 /* TOWA LoginTests.xctest */,
				B49293CA287934FE007C6EB5 /* TOWA LoginUITests.xctest */,
			);
			name = Products;
			sourceTree = "<group>";
		};
		B49293AC287934FD007C6EB5 /* TOWA Login */ = {
			isa = PBXGroup;
			children = (
				B49293DD2879357F007C6EB5 /* App */,
				B49293DE2879358C007C6EB5 /* Storyboards */,
				B49293DF287935B0007C6EB5 /* View Controllers */,
				B49293E1287935CC007C6EB5 /* APIs */,
				B49293E2287935D4007C6EB5 /* Models */,
				B49293E3287935D9007C6EB5 /* ViewModels */,
				B49293E0287935C0007C6EB5 /* Views */,
			);
			path = "TOWA Login";
			sourceTree = "<group>";
		};
		B49293C3287934FE007C6EB5 /* TOWA LoginTests */ = {
			isa = PBXGroup;
			children = (
				B49293C4287934FE007C6EB5 /* TOWA_LoginTests.swift */,
			);
			path = "TOWA LoginTests";
			sourceTree = "<group>";
		};
		B49293CD287934FE007C6EB5 /* TOWA LoginUITests */ = {
			isa = PBXGroup;
			children = (
				B49293CE287934FE007C6EB5 /* TOWA_LoginUITests.swift */,
				B49293D0287934FE007C6EB5 /* TOWA_LoginUITestsLaunchTests.swift */,
			);
			path = "TOWA LoginUITests";
			sourceTree = "<group>";
		};
		B49293DD2879357F007C6EB5 /* App */ = {
			isa = PBXGroup;
			children = (
				B49293B6287934FE007C6EB5 /* Assets.xcassets */,
				B49293BB287934FE007C6EB5 /* Info.plist */,
				B49293AD287934FD007C6EB5 /* AppDelegate.swift */,
				B49293AF287934FD007C6EB5 /* SceneDelegate.swift */,
				B4F652F02879C4D300BA4CC0 /* CredentialsUtils.swift */,
			);
			path = App;
			sourceTree = "<group>";
		};
		B49293DE2879358C007C6EB5 /* Storyboards */ = {
			isa = PBXGroup;
			children = (
				B49293B3287934FD007C6EB5 /* Main.storyboard */,
				B49293B8287934FE007C6EB5 /* LaunchScreen.storyboard */,
			);
			path = Storyboards;
			sourceTree = "<group>";
		};
		B49293DF287935B0007C6EB5 /* View Controllers */ = {
			isa = PBXGroup;
			children = (
				B49293B1287934FD007C6EB5 /* LoginViewController.swift */,
				B482BB7D287979FD00C84DBC /* RegistrationViewController.swift */,
				B4F652F82879E20E00BA4CC0 /* UsersViewController.swift */,
				B44FEF61287A2F810048D2F5 /* UserDetailsViewController.swift */,
				B4F652F22879D6F200BA4CC0 /* BaseViewController.swift */,
			);
			path = "View Controllers";
			sourceTree = "<group>";
		};
		B49293E0287935C0007C6EB5 /* Views */ = {
			isa = PBXGroup;
			children = (
				B46B72B42879532F00B06447 /* TWTextField.swift */,
				B46B72B82879534A00B06447 /* TWTextField.xib */,
			);
			path = Views;
			sourceTree = "<group>";
		};
		B49293E1287935CC007C6EB5 /* APIs */ = {
			isa = PBXGroup;
			children = (
				B49293E42879361B007C6EB5 /* UsersWebService.swift */,
			);
			path = APIs;
			sourceTree = "<group>";
		};
		B49293E2287935D4007C6EB5 /* Models */ = {
			isa = PBXGroup;
			children = (
				B46B72992879387400B06447 /* User.swift */,
				B46B729F28793F5200B06447 /* Address.swift */,
				B46B72A328793F5900B06447 /* Geo.swift */,
				B46B72A728793F6200B06447 /* Company.swift */,
			);
			path = Models;
			sourceTree = "<group>";
		};
		B49293E3287935D9007C6EB5 /* ViewModels */ = {
			isa = PBXGroup;
			children = (
				B4C9DAC2287A1D1C00BFD8AE /* UsersViewModel.swift */,
			);
			path = ViewModels;
			sourceTree = "<group>";
		};
/* End PBXGroup section */

/* Begin PBXNativeTarget section */
		B49293A9287934FD007C6EB5 /* TOWA Login */ = {
			isa = PBXNativeTarget;
			buildConfigurationList = B49293D4287934FE007C6EB5 /* Build configuration list for PBXNativeTarget "TOWA Login" */;
			buildPhases = (
				9856AB8AE2D4E31D885109C8 /* [CP] Check Pods Manifest.lock */,
				B49293A6287934FD007C6EB5 /* Sources */,
				B49293A7287934FD007C6EB5 /* Frameworks */,
				B49293A8287934FD007C6EB5 /* Resources */,
				A74DCA0BE063408BF24F38D5 /* [CP] Embed Pods Frameworks */,
			);
			buildRules = (
			);
			dependencies = (
			);
			name = "TOWA Login";
			productName = "TOWA Login";
			productReference = B49293AA287934FD007C6EB5 /* TOWA Login.app */;
			productType = "com.apple.product-type.application";
		};
		B49293BF287934FE007C6EB5 /* TOWA LoginTests */ = {
			isa = PBXNativeTarget;
			buildConfigurationList = B49293D7287934FE007C6EB5 /* Build configuration list for PBXNativeTarget "TOWA LoginTests" */;
			buildPhases = (
				B49293BC287934FE007C6EB5 /* Sources */,
				B49293BD287934FE007C6EB5 /* Frameworks */,
				B49293BE287934FE007C6EB5 /* Resources */,
			);
			buildRules = (
			);
			dependencies = (
				B49293C2287934FE007C6EB5 /* PBXTargetDependency */,
			);
			name = "TOWA LoginTests";
			productName = "TOWA LoginTests";
			productReference = B49293C0287934FE007C6EB5 /* TOWA LoginTests.xctest */;
			productType = "com.apple.product-type.bundle.unit-test";
		};
		B49293C9287934FE007C6EB5 /* TOWA LoginUITests */ = {
			isa = PBXNativeTarget;
			buildConfigurationList = B49293DA287934FE007C6EB5 /* Build configuration list for PBXNativeTarget "TOWA LoginUITests" */;
			buildPhases = (
				B49293C6287934FE007C6EB5 /* Sources */,
				B49293C7287934FE007C6EB5 /* Frameworks */,
				B49293C8287934FE007C6EB5 /* Resources */,
			);
			buildRules = (
			);
			dependencies = (
				B49293CC287934FE007C6EB5 /* PBXTargetDependency */,
			);
			name = "TOWA LoginUITests";
			productName = "TOWA LoginUITests";
			productReference = B49293CA287934FE007C6EB5 /* TOWA LoginUITests.xctest */;
			productType = "com.apple.product-type.bundle.ui-testing";
		};
/* End PBXNativeTarget section */

/* Begin PBXProject section */
		B49293A2287934FD007C6EB5 /* Project object */ = {
			isa = PBXProject;
			attributes = {
				BuildIndependentTargetsInParallel = 1;
				LastSwiftUpdateCheck = 1340;
				LastUpgradeCheck = 1340;
				TargetAttributes = {
					B49293A9287934FD007C6EB5 = {
						CreatedOnToolsVersion = 13.4.1;
					};
					B49293BF287934FE007C6EB5 = {
						CreatedOnToolsVersion = 13.4.1;
						TestTargetID = B49293A9287934FD007C6EB5;
					};
					B49293C9287934FE007C6EB5 = {
						CreatedOnToolsVersion = 13.4.1;
						TestTargetID = B49293A9287934FD007C6EB5;
					};
				};
			};
			buildConfigurationList = B49293A5287934FD007C6EB5 /* Build configuration list for PBXProject "TOWA Login" */;
			compatibilityVersion = "Xcode 13.0";
			developmentRegion = en;
			hasScannedForEncodings = 0;
			knownRegions = (
				en,
				Base,
			);
			mainGroup = B49293A1287934FD007C6EB5;
			productRefGroup = B49293AB287934FD007C6EB5 /* Products */;
			projectDirPath = "";
			projectRoot = "";
			targets = (
				B49293A9287934FD007C6EB5 /* TOWA Login */,
				B49293BF287934FE007C6EB5 /* TOWA LoginTests */,
				B49293C9287934FE007C6EB5 /* TOWA LoginUITests */,
			);
		};
/* End PBXProject section */

/* Begin PBXResourcesBuildPhase section */
		B49293A8287934FD007C6EB5 /* Resources */ = {
			isa = PBXResourcesBuildPhase;
			buildActionMask = 2147483647;
			files = (
				B46B72B92879534A00B06447 /* TWTextField.xib in Resources */,
				B49293BA287934FE007C6EB5 /* LaunchScreen.storyboard in Resources */,
				B49293B7287934FE007C6EB5 /* Assets.xcassets in Resources */,
				B49293B5287934FD007C6EB5 /* Main.storyboard in Resources */,
			);
			runOnlyForDeploymentPostprocessing = 0;
		};
		B49293BE287934FE007C6EB5 /* Resources */ = {
			isa = PBXResourcesBuildPhase;
			buildActionMask = 2147483647;
			files = (
				B46B72BA2879534A00B06447 /* TWTextField.xib in Resources */,
			);
			runOnlyForDeploymentPostprocessing = 0;
		};
		B49293C8287934FE007C6EB5 /* Resources */ = {
			isa = PBXResourcesBuildPhase;
			buildActionMask = 2147483647;
			files = (
				B46B72BB2879534A00B06447 /* TWTextField.xib in Resources */,
			);
			runOnlyForDeploymentPostprocessing = 0;
		};
/* End PBXResourcesBuildPhase section */

/* Begin PBXShellScriptBuildPhase section */
		9856AB8AE2D4E31D885109C8 /* [CP] Check Pods Manifest.lock */ = {
			isa = PBXShellScriptBuildPhase;
			buildActionMask = 2147483647;
			files = (
			);
			inputFileListPaths = (
			);
			inputPaths = (
				"${PODS_PODFILE_DIR_PATH}/Podfile.lock",
				"${PODS_ROOT}/Manifest.lock",
			);
			name = "[CP] Check Pods Manifest.lock";
			outputFileListPaths = (
			);
			outputPaths = (
				"$(DERIVED_FILE_DIR)/Pods-TOWA Login-checkManifestLockResult.txt",
			);
			runOnlyForDeploymentPostprocessing = 0;
			shellPath = /bin/sh;
			shellScript = "diff \"${PODS_PODFILE_DIR_PATH}/Podfile.lock\" \"${PODS_ROOT}/Manifest.lock\" > /dev/null\nif [ $? != 0 ] ; then\n    # print error to STDERR\n    echo \"error: The sandbox is not in sync with the Podfile.lock. Run 'pod install' or update your CocoaPods installation.\" >&2\n    exit 1\nfi\n# This output is used by Xcode 'outputs' to avoid re-running this script phase.\necho \"SUCCESS\" > \"${SCRIPT_OUTPUT_FILE_0}\"\n";
			showEnvVarsInLog = 0;
		};
		A74DCA0BE063408BF24F38D5 /* [CP] Embed Pods Frameworks */ = {
			isa = PBXShellScriptBuildPhase;
			buildActionMask = 2147483647;
			files = (
			);
			inputFileListPaths = (
				"${PODS_ROOT}/Target Support Files/Pods-TOWA Login/Pods-TOWA Login-frameworks-${CONFIGURATION}-input-files.xcfilelist",
			);
			name = "[CP] Embed Pods Frameworks";
			outputFileListPaths = (
				"${PODS_ROOT}/Target Support Files/Pods-TOWA Login/Pods-TOWA Login-frameworks-${CONFIGURATION}-output-files.xcfilelist",
			);
			runOnlyForDeploymentPostprocessing = 0;
			shellPath = /bin/sh;
			shellScript = "\"${PODS_ROOT}/Target Support Files/Pods-TOWA Login/Pods-TOWA Login-frameworks.sh\"\n";
			showEnvVarsInLog = 0;
		};
/* End PBXShellScriptBuildPhase section */

/* Begin PBXSourcesBuildPhase section */
		B49293A6287934FD007C6EB5 /* Sources */ = {
			isa = PBXSourcesBuildPhase;
			buildActionMask = 2147483647;
			files = (
				B46B72B52879532F00B06447 /* TWTextField.swift in Sources */,
				B4C9DAC3287A1D1C00BFD8AE /* UsersViewModel.swift in Sources */,
				B46B72A028793F5200B06447 /* Address.swift in Sources */,
				B4F652F92879E20E00BA4CC0 /* UsersViewController.swift in Sources */,
				B49293B2287934FD007C6EB5 /* LoginViewController.swift in Sources */,
				B44FEF62287A2F810048D2F5 /* UserDetailsViewController.swift in Sources */,
				B49293E52879361B007C6EB5 /* UsersWebService.swift in Sources */,
				B482BB7E287979FD00C84DBC /* RegistrationViewController.swift in Sources */,
				B4F652F32879D6F200BA4CC0 /* BaseViewController.swift in Sources */,
				B49293AE287934FD007C6EB5 /* AppDelegate.swift in Sources */,
				B46B729A2879387400B06447 /* User.swift in Sources */,
				B4F652F12879C4D300BA4CC0 /* CredentialsUtils.swift in Sources */,
				B49293B0287934FD007C6EB5 /* SceneDelegate.swift in Sources */,
				B46B72A428793F5900B06447 /* Geo.swift in Sources */,
				B46B72A828793F6200B06447 /* Company.swift in Sources */,
			);
			runOnlyForDeploymentPostprocessing = 0;
		};
		B49293BC287934FE007C6EB5 /* Sources */ = {
			isa = PBXSourcesBuildPhase;
			buildActionMask = 2147483647;
			files = (
				B46B729D2879387700B06447 /* UsersWebService.swift in Sources */,
				B4C9DAC4287A1D1C00BFD8AE /* UsersViewModel.swift in Sources */,
				B46B729B2879387400B06447 /* User.swift in Sources */,
				B482BB7F287979FD00C84DBC /* RegistrationViewController.swift in Sources */,
				B4F652FA2879E20E00BA4CC0 /* UsersViewController.swift in Sources */,
				B46B72A128793F5200B06447 /* Address.swift in Sources */,
				B46B72B62879532F00B06447 /* TWTextField.swift in Sources */,
				B4F652F42879D6F200BA4CC0 /* BaseViewController.swift in Sources */,
				B44FEF63287A2F810048D2F5 /* UserDetailsViewController.swift in Sources */,
				B49293C5287934FE007C6EB5 /* TOWA_LoginTests.swift in Sources */,
				B46B72A528793F5900B06447 /* Geo.swift in Sources */,
				B4F652F62879D6F700BA4CC0 /* LoginViewController.swift in Sources */,
				B46B72A928793F6200B06447 /* Company.swift in Sources */,
			);
			runOnlyForDeploymentPostprocessing = 0;
		};
		B49293C6287934FE007C6EB5 /* Sources */ = {
			isa = PBXSourcesBuildPhase;
			buildActionMask = 2147483647;
			files = (
				B46B72B72879532F00B06447 /* TWTextField.swift in Sources */,
				B4C9DAC5287A1D1C00BFD8AE /* UsersViewModel.swift in Sources */,
				B4F652FB2879E20E00BA4CC0 /* UsersViewController.swift in Sources */,
				B49293CF287934FE007C6EB5 /* TOWA_LoginUITests.swift in Sources */,
				B44FEF64287A2F810048D2F5 /* UserDetailsViewController.swift in Sources */,
				B46B729E2879387800B06447 /* UsersWebService.swift in Sources */,
				B482BB80287979FD00C84DBC /* RegistrationViewController.swift in Sources */,
				B49293D1287934FE007C6EB5 /* TOWA_LoginUITestsLaunchTests.swift in Sources */,
				B4F652F52879D6F200BA4CC0 /* BaseViewController.swift in Sources */,
				B46B729C2879387400B06447 /* User.swift in Sources */,
				B46B72AA28793F6200B06447 /* Company.swift in Sources */,
				B46B72A228793F5200B06447 /* Address.swift in Sources */,
				B46B72A628793F5900B06447 /* Geo.swift in Sources */,
				B4F652F72879D6F800BA4CC0 /* LoginViewController.swift in Sources */,
			);
			runOnlyForDeploymentPostprocessing = 0;
		};
/* End PBXSourcesBuildPhase section */

/* Begin PBXTargetDependency section */
		B49293C2287934FE007C6EB5 /* PBXTargetDependency */ = {
			isa = PBXTargetDependency;
			target = B49293A9287934FD007C6EB5 /* TOWA Login */;
			targetProxy = B49293C1287934FE007C6EB5 /* PBXContainerItemProxy */;
		};
		B49293CC287934FE007C6EB5 /* PBXTargetDependency */ = {
			isa = PBXTargetDependency;
			target = B49293A9287934FD007C6EB5 /* TOWA Login */;
			targetProxy = B49293CB287934FE007C6EB5 /* PBXContainerItemProxy */;
		};
/* End PBXTargetDependency section */

/* Begin PBXVariantGroup section */
		B49293B3287934FD007C6EB5 /* Main.storyboard */ = {
			isa = PBXVariantGroup;
			children = (
				B49293B4287934FD007C6EB5 /* Base */,
			);
			name = Main.storyboard;
			sourceTree = "<group>";
		};
		B49293B8287934FE007C6EB5 /* LaunchScreen.storyboard */ = {
			isa = PBXVariantGroup;
			children = (
				B49293B9287934FE007C6EB5 /* Base */,
			);
			name = LaunchScreen.storyboard;
			sourceTree = "<group>";
		};
/* End PBXVariantGroup section */

/* Begin XCBuildConfiguration section */
		B49293D2287934FE007C6EB5 /* Debug */ = {
			isa = XCBuildConfiguration;
			buildSettings = {
				ALWAYS_SEARCH_USER_PATHS = NO;
				CLANG_ANALYZER_NONNULL = YES;
				CLANG_ANALYZER_NUMBER_OBJECT_CONVERSION = YES_AGGRESSIVE;
				CLANG_CXX_LANGUAGE_STANDARD = "gnu++17";
				CLANG_ENABLE_MODULES = YES;
				CLANG_ENABLE_OBJC_ARC = YES;
				CLANG_ENABLE_OBJC_WEAK = YES;
				CLANG_WARN_BLOCK_CAPTURE_AUTORELEASING = YES;
				CLANG_WARN_BOOL_CONVERSION = YES;
				CLANG_WARN_COMMA = YES;
				CLANG_WARN_CONSTANT_CONVERSION = YES;
				CLANG_WARN_DEPRECATED_OBJC_IMPLEMENTATIONS = YES;
				CLANG_WARN_DIRECT_OBJC_ISA_USAGE = YES_ERROR;
				CLANG_WARN_DOCUMENTATION_COMMENTS = YES;
				CLANG_WARN_EMPTY_BODY = YES;
				CLANG_WARN_ENUM_CONVERSION = YES;
				CLANG_WARN_INFINITE_RECURSION = YES;
				CLANG_WARN_INT_CONVERSION = YES;
				CLANG_WARN_NON_LITERAL_NULL_CONVERSION = YES;
				CLANG_WARN_OBJC_IMPLICIT_RETAIN_SELF = YES;
				CLANG_WARN_OBJC_LITERAL_CONVERSION = YES;
				CLANG_WARN_OBJC_ROOT_CLASS = YES_ERROR;
				CLANG_WARN_QUOTED_INCLUDE_IN_FRAMEWORK_HEADER = YES;
				CLANG_WARN_RANGE_LOOP_ANALYSIS = YES;
				CLANG_WARN_STRICT_PROTOTYPES = YES;
				CLANG_WARN_SUSPICIOUS_MOVE = YES;
				CLANG_WARN_UNGUARDED_AVAILABILITY = YES_AGGRESSIVE;
				CLANG_WARN_UNREACHABLE_CODE = YES;
				CLANG_WARN__DUPLICATE_METHOD_MATCH = YES;
				COPY_PHASE_STRIP = NO;
				DEBUG_INFORMATION_FORMAT = dwarf;
				ENABLE_STRICT_OBJC_MSGSEND = YES;
				ENABLE_TESTABILITY = YES;
				GCC_C_LANGUAGE_STANDARD = gnu11;
				GCC_DYNAMIC_NO_PIC = NO;
				GCC_NO_COMMON_BLOCKS = YES;
				GCC_OPTIMIZATION_LEVEL = 0;
				GCC_PREPROCESSOR_DEFINITIONS = (
					"DEBUG=1",
					"$(inherited)",
				);
				GCC_WARN_64_TO_32_BIT_CONVERSION = YES;
				GCC_WARN_ABOUT_RETURN_TYPE = YES_ERROR;
				GCC_WARN_UNDECLARED_SELECTOR = YES;
				GCC_WARN_UNINITIALIZED_AUTOS = YES_AGGRESSIVE;
				GCC_WARN_UNUSED_FUNCTION = YES;
				GCC_WARN_UNUSED_VARIABLE = YES;
				IPHONEOS_DEPLOYMENT_TARGET = 15.5;
				MTL_ENABLE_DEBUG_INFO = INCLUDE_SOURCE;
				MTL_FAST_MATH = YES;
				ONLY_ACTIVE_ARCH = YES;
				SDKROOT = iphoneos;
				SWIFT_ACTIVE_COMPILATION_CONDITIONS = DEBUG;
				SWIFT_OPTIMIZATION_LEVEL = "-Onone";
			};
			name = Debug;
		};
		B49293D3287934FE007C6EB5 /* Release */ = {
			isa = XCBuildConfiguration;
			buildSettings = {
				ALWAYS_SEARCH_USER_PATHS = NO;
				CLANG_ANALYZER_NONNULL = YES;
				CLANG_ANALYZER_NUMBER_OBJECT_CONVERSION = YES_AGGRESSIVE;
				CLANG_CXX_LANGUAGE_STANDARD = "gnu++17";
				CLANG_ENABLE_MODULES = YES;
				CLANG_ENABLE_OBJC_ARC = YES;
				CLANG_ENABLE_OBJC_WEAK = YES;
				CLANG_WARN_BLOCK_CAPTURE_AUTORELEASING = YES;
				CLANG_WARN_BOOL_CONVERSION = YES;
				CLANG_WARN_COMMA = YES;
				CLANG_WARN_CONSTANT_CONVERSION = YES;
				CLANG_WARN_DEPRECATED_OBJC_IMPLEMENTATIONS = YES;
				CLANG_WARN_DIRECT_OBJC_ISA_USAGE = YES_ERROR;
				CLANG_WARN_DOCUMENTATION_COMMENTS = YES;
				CLANG_WARN_EMPTY_BODY = YES;
				CLANG_WARN_ENUM_CONVERSION = YES;
				CLANG_WARN_INFINITE_RECURSION = YES;
				CLANG_WARN_INT_CONVERSION = YES;
				CLANG_WARN_NON_LITERAL_NULL_CONVERSION = YES;
				CLANG_WARN_OBJC_IMPLICIT_RETAIN_SELF = YES;
				CLANG_WARN_OBJC_LITERAL_CONVERSION = YES;
				CLANG_WARN_OBJC_ROOT_CLASS = YES_ERROR;
				CLANG_WARN_QUOTED_INCLUDE_IN_FRAMEWORK_HEADER = YES;
				CLANG_WARN_RANGE_LOOP_ANALYSIS = YES;
				CLANG_WARN_STRICT_PROTOTYPES = YES;
				CLANG_WARN_SUSPICIOUS_MOVE = YES;
				CLANG_WARN_UNGUARDED_AVAILABILITY = YES_AGGRESSIVE;
				CLANG_WARN_UNREACHABLE_CODE = YES;
				CLANG_WARN__DUPLICATE_METHOD_MATCH = YES;
				COPY_PHASE_STRIP = NO;
				DEBUG_INFORMATION_FORMAT = "dwarf-with-dsym";
				ENABLE_NS_ASSERTIONS = NO;
				ENABLE_STRICT_OBJC_MSGSEND = YES;
				GCC_C_LANGUAGE_STANDARD = gnu11;
				GCC_NO_COMMON_BLOCKS = YES;
				GCC_WARN_64_TO_32_BIT_CONVERSION = YES;
				GCC_WARN_ABOUT_RETURN_TYPE = YES_ERROR;
				GCC_WARN_UNDECLARED_SELECTOR = YES;
				GCC_WARN_UNINITIALIZED_AUTOS = YES_AGGRESSIVE;
				GCC_WARN_UNUSED_FUNCTION = YES;
				GCC_WARN_UNUSED_VARIABLE = YES;
				IPHONEOS_DEPLOYMENT_TARGET = 15.5;
				MTL_ENABLE_DEBUG_INFO = NO;
				MTL_FAST_MATH = YES;
				SDKROOT = iphoneos;
				SWIFT_COMPILATION_MODE = wholemodule;
				SWIFT_OPTIMIZATION_LEVEL = "-O";
				VALIDATE_PRODUCT = YES;
			};
			name = Release;
		};
		B49293D5287934FE007C6EB5 /* Debug */ = {
			isa = XCBuildConfiguration;
			baseConfigurationReference = 81A22C52815FD74EBABABC2F /* Pods-TOWA Login.debug.xcconfig */;
			buildSettings = {
				ASSETCATALOG_COMPILER_APPICON_NAME = AppIcon;
				ASSETCATALOG_COMPILER_GLOBAL_ACCENT_COLOR_NAME = AccentColor;
				CODE_SIGN_STYLE = Automatic;
				CURRENT_PROJECT_VERSION = 1;
				DEVELOPMENT_TEAM = W8ML258KX3;
				EXCLUDED_ARCHS = arm64;
				GENERATE_INFOPLIST_FILE = YES;
				INFOPLIST_FILE = "TOWA Login/App/Info.plist";
				INFOPLIST_KEY_UIApplicationSupportsIndirectInputEvents = YES;
				INFOPLIST_KEY_UILaunchStoryboardName = LaunchScreen;
				INFOPLIST_KEY_UIMainStoryboardFile = Main;
				INFOPLIST_KEY_UIStatusBarHidden = NO;
				INFOPLIST_KEY_UISupportedInterfaceOrientations = UIInterfaceOrientationPortrait;
				INFOPLIST_KEY_UISupportedInterfaceOrientations_iPad = "UIInterfaceOrientationPortrait UIInterfaceOrientationPortraitUpsideDown UIInterfaceOrientationLandscapeLeft UIInterfaceOrientationLandscapeRight";
				INFOPLIST_KEY_UISupportedInterfaceOrientations_iPhone = "UIInterfaceOrientationPortrait UIInterfaceOrientationLandscapeLeft UIInterfaceOrientationLandscapeRight";
				IPHONEOS_DEPLOYMENT_TARGET = 12.0;
				LD_RUNPATH_SEARCH_PATHS = (
					"$(inherited)",
					"@executable_path/Frameworks",
				);
				MARKETING_VERSION = 1.0;
				PRODUCT_BUNDLE_IDENTIFIER = com.artbelmonte.towalogin;
				PRODUCT_NAME = "$(TARGET_NAME)";
				SWIFT_EMIT_LOC_STRINGS = YES;
				SWIFT_VERSION = 5.0;
				TARGETED_DEVICE_FAMILY = "1,2";
			};
			name = Debug;
		};
		B49293D6287934FE007C6EB5 /* Release */ = {
			isa = XCBuildConfiguration;
			baseConfigurationReference = E2513C8CAAA321C6464A0A01 /* Pods-TOWA Login.release.xcconfig */;
			buildSettings = {
				ASSETCATALOG_COMPILER_APPICON_NAME = AppIcon;
				ASSETCATALOG_COMPILER_GLOBAL_ACCENT_COLOR_NAME = AccentColor;
				CODE_SIGN_STYLE = Automatic;
				CURRENT_PROJECT_VERSION = 1;
				DEVELOPMENT_TEAM = W8ML258KX3;
				EXCLUDED_ARCHS = arm64;
				GENERATE_INFOPLIST_FILE = YES;
				INFOPLIST_FILE = "TOWA Login/App/Info.plist";
				INFOPLIST_KEY_UIApplicationSupportsIndirectInputEvents = YES;
				INFOPLIST_KEY_UILaunchStoryboardName = LaunchScreen;
				INFOPLIST_KEY_UIMainStoryboardFile = Main;
				INFOPLIST_KEY_UIStatusBarHidden = NO;
				INFOPLIST_KEY_UISupportedInterfaceOrientations = UIInterfaceOrientationPortrait;
				INFOPLIST_KEY_UISupportedInterfaceOrientations_iPad = "UIInterfaceOrientationPortrait UIInterfaceOrientationPortraitUpsideDown UIInterfaceOrientationLandscapeLeft UIInterfaceOrientationLandscapeRight";
				INFOPLIST_KEY_UISupportedInterfaceOrientations_iPhone = "UIInterfaceOrientationPortrait UIInterfaceOrientationLandscapeLeft UIInterfaceOrientationLandscapeRight";
				IPHONEOS_DEPLOYMENT_TARGET = 12.0;
				LD_RUNPATH_SEARCH_PATHS = (
					"$(inherited)",
					"@executable_path/Frameworks",
				);
				MARKETING_VERSION = 1.0;
				PRODUCT_BUNDLE_IDENTIFIER = com.artbelmonte.towalogin;
				PRODUCT_NAME = "$(TARGET_NAME)";
				SWIFT_EMIT_LOC_STRINGS = YES;
				SWIFT_VERSION = 5.0;
				TARGETED_DEVICE_FAMILY = "1,2";
			};
			name = Release;
		};
		B49293D8287934FE007C6EB5 /* Debug */ = {
			isa = XCBuildConfiguration;
			buildSettings = {
				ALWAYS_EMBED_SWIFT_STANDARD_LIBRARIES = YES;
				BUNDLE_LOADER = "$(TEST_HOST)";
				CODE_SIGN_STYLE = Automatic;
				CURRENT_PROJECT_VERSION = 1;
				DEVELOPMENT_TEAM = W8ML258KX3;
				GENERATE_INFOPLIST_FILE = YES;
				IPHONEOS_DEPLOYMENT_TARGET = 15.5;
				MARKETING_VERSION = 1.0;
				PRODUCT_BUNDLE_IDENTIFIER = "com.artbelmonte.towalogin.TOWA-LoginTests";
				PRODUCT_NAME = "$(TARGET_NAME)";
				SWIFT_EMIT_LOC_STRINGS = NO;
				SWIFT_VERSION = 5.0;
				TARGETED_DEVICE_FAMILY = "1,2";
				TEST_HOST = "$(BUILT_PRODUCTS_DIR)/TOWA Login.app/TOWA Login";
			};
			name = Debug;
		};
		B49293D9287934FE007C6EB5 /* Release */ = {
			isa = XCBuildConfiguration;
			buildSettings = {
				ALWAYS_EMBED_SWIFT_STANDARD_LIBRARIES = YES;
				BUNDLE_LOADER = "$(TEST_HOST)";
				CODE_SIGN_STYLE = Automatic;
				CURRENT_PROJECT_VERSION = 1;
				DEVELOPMENT_TEAM = W8ML258KX3;
				GENERATE_INFOPLIST_FILE = YES;
				IPHONEOS_DEPLOYMENT_TARGET = 15.5;
				MARKETING_VERSION = 1.0;
				PRODUCT_BUNDLE_IDENTIFIER = "com.artbelmonte.towalogin.TOWA-LoginTests";
				PRODUCT_NAME = "$(TARGET_NAME)";
				SWIFT_EMIT_LOC_STRINGS = NO;
				SWIFT_VERSION = 5.0;
				TARGETED_DEVICE_FAMILY = "1,2";
				TEST_HOST = "$(BUILT_PRODUCTS_DIR)/TOWA Login.app/TOWA Login";
			};
			name = Release;
		};
		B49293DB287934FE007C6EB5 /* Debug */ = {
			isa = XCBuildConfiguration;
			buildSettings = {
				ALWAYS_EMBED_SWIFT_STANDARD_LIBRARIES = YES;
				CODE_SIGN_STYLE = Automatic;
				CURRENT_PROJECT_VERSION = 1;
				DEVELOPMENT_TEAM = W8ML258KX3;
				GENERATE_INFOPLIST_FILE = YES;
				MARKETING_VERSION = 1.0;
				PRODUCT_BUNDLE_IDENTIFIER = "com.artbelmonte.towalogin.TOWA-LoginUITests";
				PRODUCT_NAME = "$(TARGET_NAME)";
				SWIFT_EMIT_LOC_STRINGS = NO;
				SWIFT_VERSION = 5.0;
				TARGETED_DEVICE_FAMILY = "1,2";
				TEST_TARGET_NAME = "TOWA Login";
			};
			name = Debug;
		};
		B49293DC287934FE007C6EB5 /* Release */ = {
			isa = XCBuildConfiguration;
			buildSettings = {
				ALWAYS_EMBED_SWIFT_STANDARD_LIBRARIES = YES;
				CODE_SIGN_STYLE = Automatic;
				CURRENT_PROJECT_VERSION = 1;
				DEVELOPMENT_TEAM = W8ML258KX3;
				GENERATE_INFOPLIST_FILE = YES;
				MARKETING_VERSION = 1.0;
				PRODUCT_BUNDLE_IDENTIFIER = "com.artbelmonte.towalogin.TOWA-LoginUITests";
				PRODUCT_NAME = "$(TARGET_NAME)";
				SWIFT_EMIT_LOC_STRINGS = NO;
				SWIFT_VERSION = 5.0;
				TARGETED_DEVICE_FAMILY = "1,2";
				TEST_TARGET_NAME = "TOWA Login";
			};
			name = Release;
		};
/* End XCBuildConfiguration section */

/* Begin XCConfigurationList section */
		B49293A5287934FD007C6EB5 /* Build configuration list for PBXProject "TOWA Login" */ = {
			isa = XCConfigurationList;
			buildConfigurations = (
				B49293D2287934FE007C6EB5 /* Debug */,
				B49293D3287934FE007C6EB5 /* Release */,
			);
			defaultConfigurationIsVisible = 0;
			defaultConfigurationName = Release;
		};
		B49293D4287934FE007C6EB5 /* Build configuration list for PBXNativeTarget "TOWA Login" */ = {
			isa = XCConfigurationList;
			buildConfigurations = (
				B49293D5287934FE007C6EB5 /* Debug */,
				B49293D6287934FE007C6EB5 /* Release */,
			);
			defaultConfigurationIsVisible = 0;
			defaultConfigurationName = Release;
		};
		B49293D7287934FE007C6EB5 /* Build configuration list for PBXNativeTarget "TOWA LoginTests" */ = {
			isa = XCConfigurationList;
			buildConfigurations = (
				B49293D8287934FE007C6EB5 /* Debug */,
				B49293D9287934FE007C6EB5 /* Release */,
			);
			defaultConfigurationIsVisible = 0;
			defaultConfigurationName = Release;
		};
		B49293DA287934FE007C6EB5 /* Build configuration list for PBXNativeTarget "TOWA LoginUITests" */ = {
			isa = XCConfigurationList;
			buildConfigurations = (
				B49293DB287934FE007C6EB5 /* Debug */,
				B49293DC287934FE007C6EB5 /* Release */,
			);
			defaultConfigurationIsVisible = 0;
			defaultConfigurationName = Release;
		};
/* End XCConfigurationList section */
	};
	rootObject = B49293A2287934FD007C6EB5 /* Project object */;
}
